
Microsoft Visual Studio Solution File, Format Version 12.00
# Visual Studio Version 16
VisualStudioVersion = 16.0.30907.101
MinimumVisualStudioVersion = 10.0.40219.1
Project("{9A19103F-16F7-4668-BE54-9A1E7A4F7556}") = "OnePassword.NET", "OnePassword.NET\OnePassword.NET.csproj", "{748FD277-A4AE-4CD9-966E-C82E8A534D6F}"
EndProject
Global
	GlobalSection(SolutionConfigurationPlatforms) = preSolution
		Debug|Any CPU = Debug|Any CPU
		Release|Any CPU = Release|Any CPU
	EndGlobalSection
	GlobalSection(ProjectConfigurationPlatforms) = postSolution
		{748FD277-A4AE-4CD9-966E-C82E8A534D6F}.Debug|Any CPU.ActiveCfg = Debug|Any CPU
		{748FD277-A4AE-4CD9-966E-C82E8A534D6F}.Debug|Any CPU.Build.0 = Debug|Any CPU
		{748FD277-A4AE-4CD9-966E-C82E8A534D6F}.Release|Any CPU.ActiveCfg = Release|Any CPU
		{748FD277-A4AE-4CD9-966E-C82E8A534D6F}.Release|Any CPU.Build.0 = Release|Any CPU
	EndGlobalSection
	GlobalSection(SolutionProperties) = preSolution
		HideSolutionNode = FALSE
	EndGlobalSection
	GlobalSection(ExtensibilityGlobals) = postSolution
		SolutionGuid = {7D41E4CA-69A5-4795-9B8E-81A645781F6D}
	EndGlobalSection
EndGlobal
